
Microsoft Visual Studio Solution File, Format Version 12.00
# Visual Studio Version 17
VisualStudioVersion = 17.2.32616.157
MinimumVisualStudioVersion = 10.0.40219.1
Project("{FAE04EC0-301F-11D3-BF4B-00C04F79EFBC}") = "CzoneHeroTimer", "CzoneHeroTimer\CzoneHeroTimer.csproj", "{8670733E-CE71-4248-A93F-ED506412A487}"
EndProject
Global
	GlobalSection(SolutionConfigurationPlatforms) = preSolution
		Debug|Any CPU = Debug|Any CPU
		Release|Any CPU = Release|Any CPU
	EndGlobalSection
	GlobalSection(ProjectConfigurationPlatforms) = postSolution
		{8670733E-CE71-4248-A93F-ED506412A487}.Debug|Any CPU.ActiveCfg = Debug|Any CPU
		{8670733E-CE71-4248-A93F-ED506412A487}.Debug|Any CPU.Build.0 = Debug|Any CPU
		{8670733E-CE71-4248-A93F-ED506412A487}.Release|Any CPU.ActiveCfg = Release|Any CPU
		{8670733E-CE71-4248-A93F-ED506412A487}.Release|Any CPU.Build.0 = Release|Any CPU
	EndGlobalSection
	GlobalSection(SolutionProperties) = preSolution
		HideSolutionNode = FALSE
	EndGlobalSection
	GlobalSection(ExtensibilityGlobals) = postSolution
		SolutionGuid = {7D3E7264-1C07-4E50-A6AA-E0909063D009}
	EndGlobalSection
EndGlobal
